
Microsoft Visual Studio Solution File, Format Version 12.00
# Visual Studio Version 17
VisualStudioVersion = 17.8.34525.116
MinimumVisualStudioVersion = 10.0.40219.1
Project("{8BC9CEB8-8B4A-11D0-8D11-00A0C91BC942}") = "Server", "Server\Server.vcxproj", "{D8EA41D3-F461-4849-A10D-151A43459004}"
EndProject
Project("{8BC9CEB8-8B4A-11D0-8D11-00A0C91BC942}") = "ServerCore", "ServerCore\ServerCore.vcxproj", "{E9E06688-89C1-4417-9A54-B9C633FC8136}"
EndProject
Project("{8BC9CEB8-8B4A-11D0-8D11-00A0C91BC942}") = "DummyClient", "DummyClient\DummyClient.vcxproj", "{340C4185-1B1E-44DC-85E3-4B3DD225DD32}"
EndProject
Project("{8BC9CEB8-8B4A-11D0-8D11-00A0C91BC942}") = "LoginServer", "LoginServer\LoginServer.vcxproj", "{09917226-774F-4687-89AB-67BBF3FC36D4}"
EndProject
Project("{FAE04EC0-301F-11D3-BF4B-00C04F79EFBC}") = "Login", "Login\Login.csproj", "{7CC0CC69-7A03-4B2E-B64B-684E741E8AEC}"
EndProject
Global
	GlobalSection(SolutionConfigurationPlatforms) = preSolution
		Debug|Any CPU = Debug|Any CPU
		Debug|x64 = Debug|x64
		Debug|x86 = Debug|x86
		Release|Any CPU = Release|Any CPU
		Release|x64 = Release|x64
		Release|x86 = Release|x86
	EndGlobalSection
	GlobalSection(ProjectConfigurationPlatforms) = postSolution
		{D8EA41D3-F461-4849-A10D-151A43459004}.Debug|Any CPU.ActiveCfg = Debug|x64
		{D8EA41D3-F461-4849-A10D-151A43459004}.Debug|Any CPU.Build.0 = Debug|x64
		{D8EA41D3-F461-4849-A10D-151A43459004}.Debug|x64.ActiveCfg = Debug|x64
		{D8EA41D3-F461-4849-A10D-151A43459004}.Debug|x64.Build.0 = Debug|x64
		{D8EA41D3-F461-4849-A10D-151A43459004}.Debug|x86.ActiveCfg = Debug|Win32
		{D8EA41D3-F461-4849-A10D-151A43459004}.Debug|x86.Build.0 = Debug|Win32
		{D8EA41D3-F461-4849-A10D-151A43459004}.Release|Any CPU.ActiveCfg = Release|x64
		{D8EA41D3-F461-4849-A10D-151A43459004}.Release|Any CPU.Build.0 = Release|x64
		{D8EA41D3-F461-4849-A10D-151A43459004}.Release|x64.ActiveCfg = Release|x64
		{D8EA41D3-F461-4849-A10D-151A43459004}.Release|x64.Build.0 = Release|x64
		{D8EA41D3-F461-4849-A10D-151A43459004}.Release|x86.ActiveCfg = Release|Win32
		{D8EA41D3-F461-4849-A10D-151A43459004}.Release|x86.Build.0 = Release|Win32
		{E9E06688-89C1-4417-9A54-B9C633FC8136}.Debug|Any CPU.ActiveCfg = Debug|x64
		{E9E06688-89C1-4417-9A54-B9C633FC8136}.Debug|Any CPU.Build.0 = Debug|x64
		{E9E06688-89C1-4417-9A54-B9C633FC8136}.Debug|x64.ActiveCfg = Debug|x64
		{E9E06688-89C1-4417-9A54-B9C633FC8136}.Debug|x64.Build.0 = Debug|x64
		{E9E06688-89C1-4417-9A54-B9C633FC8136}.Debug|x86.ActiveCfg = Debug|Win32
		{E9E06688-89C1-4417-9A54-B9C633FC8136}.Debug|x86.Build.0 = Debug|Win32
		{E9E06688-89C1-4417-9A54-B9C633FC8136}.Release|Any CPU.ActiveCfg = Release|x64
		{E9E06688-89C1-4417-9A54-B9C633FC8136}.Release|Any CPU.Build.0 = Release|x64
		{E9E06688-89C1-4417-9A54-B9C633FC8136}.Release|x64.ActiveCfg = Release|x64
		{E9E06688-89C1-4417-9A54-B9C633FC8136}.Release|x64.Build.0 = Release|x64
		{E9E06688-89C1-4417-9A54-B9C633FC8136}.Release|x86.ActiveCfg = Release|Win32
		{E9E06688-89C1-4417-9A54-B9C633FC8136}.Release|x86.Build.0 = Release|Win32
		{340C4185-1B1E-44DC-85E3-4B3DD225DD32}.Debug|Any CPU.ActiveCfg = Debug|x64
		{340C4185-1B1E-44DC-85E3-4B3DD225DD32}.Debug|Any CPU.Build.0 = Debug|x64
		{340C4185-1B1E-44DC-85E3-4B3DD225DD32}.Debug|x64.ActiveCfg = Debug|x64
		{340C4185-1B1E-44DC-85E3-4B3DD225DD32}.Debug|x64.Build.0 = Debug|x64
		{340C4185-1B1E-44DC-85E3-4B3DD225DD32}.Debug|x86.ActiveCfg = Debug|Win32
		{340C4185-1B1E-44DC-85E3-4B3DD225DD32}.Debug|x86.Build.0 = Debug|Win32
		{340C4185-1B1E-44DC-85E3-4B3DD225DD32}.Release|Any CPU.ActiveCfg = Release|x64
		{340C4185-1B1E-44DC-85E3-4B3DD225DD32}.Release|Any CPU.Build.0 = Release|x64
		{340C4185-1B1E-44DC-85E3-4B3DD225DD32}.Release|x64.ActiveCfg = Release|x64
		{340C4185-1B1E-44DC-85E3-4B3DD225DD32}.Release|x64.Build.0 = Release|x64
		{340C4185-1B1E-44DC-85E3-4B3DD225DD32}.Release|x86.ActiveCfg = Release|Win32
		{340C4185-1B1E-44DC-85E3-4B3DD225DD32}.Release|x86.Build.0 = Release|Win32
		{09917226-774F-4687-89AB-67BBF3FC36D4}.Debug|Any CPU.ActiveCfg = Debug|x64
		{09917226-774F-4687-89AB-67BBF3FC36D4}.Debug|Any CPU.Build.0 = Debug|x64
		{09917226-774F-4687-89AB-67BBF3FC36D4}.Debug|x64.ActiveCfg = Debug|x64
		{09917226-774F-4687-89AB-67BBF3FC36D4}.Debug|x64.Build.0 = Debug|x64
		{09917226-774F-4687-89AB-67BBF3FC36D4}.Debug|x86.ActiveCfg = Debug|Win32
		{09917226-774F-4687-89AB-67BBF3FC36D4}.Debug|x86.Build.0 = Debug|Win32
		{09917226-774F-4687-89AB-67BBF3FC36D4}.Release|Any CPU.ActiveCfg = Release|x64
		{09917226-774F-4687-89AB-67BBF3FC36D4}.Release|Any CPU.Build.0 = Release|x64
		{09917226-774F-4687-89AB-67BBF3FC36D4}.Release|x64.ActiveCfg = Release|x64
		{09917226-774F-4687-89AB-67BBF3FC36D4}.Release|x64.Build.0 = Release|x64
		{09917226-774F-4687-89AB-67BBF3FC36D4}.Release|x86.ActiveCfg = Release|Win32
		{09917226-774F-4687-89AB-67BBF3FC36D4}.Release|x86.Build.0 = Release|Win32
		{7CC0CC69-7A03-4B2E-B64B-684E741E8AEC}.Debug|Any CPU.ActiveCfg = Debug|Any CPU
		{7CC0CC69-7A03-4B2E-B64B-684E741E8AEC}.Debug|Any CPU.Build.0 = Debug|Any CPU
		{7CC0CC69-7A03-4B2E-B64B-684E741E8AEC}.Debug|x64.ActiveCfg = Debug|Any CPU
		{7CC0CC69-7A03-4B2E-B64B-684E741E8AEC}.Debug|x64.Build.0 = Debug|Any CPU
		{7CC0CC69-7A03-4B2E-B64B-684E741E8AEC}.Debug|x86.ActiveCfg = Debug|Any CPU
		{7CC0CC69-7A03-4B2E-B64B-684E741E8AEC}.Debug|x86.Build.0 = Debug|Any CPU
		{7CC0CC69-7A03-4B2E-B64B-684E741E8AEC}.Release|Any CPU.ActiveCfg = Release|Any CPU
		{7CC0CC69-7A03-4B2E-B64B-684E741E8AEC}.Release|Any CPU.Build.0 = Release|Any CPU
		{7CC0CC69-7A03-4B2E-B64B-684E741E8AEC}.Release|x64.ActiveCfg = Release|Any CPU
		{7CC0CC69-7A03-4B2E-B64B-684E741E8AEC}.Release|x64.Build.0 = Release|Any CPU
		{7CC0CC69-7A03-4B2E-B64B-684E741E8AEC}.Release|x86.ActiveCfg = Release|Any CPU
		{7CC0CC69-7A03-4B2E-B64B-684E741E8AEC}.Release|x86.Build.0 = Release|Any CPU
	EndGlobalSection
	GlobalSection(SolutionProperties) = preSolution
		HideSolutionNode = FALSE
	EndGlobalSection
	GlobalSection(ExtensibilityGlobals) = postSolution
		SolutionGuid = {0FAC8CD1-7464-470C-84BC-51B8D88B3CC2}
	EndGlobalSection
EndGlobal
